{
  "name": "test4",
  "version": "1.0.0",
  "lockfileVersion": 3,
  "requires": true,
  "packages": {
    "": {
      "name": "test4",
      "version": "1.0.0",
      "license": "ISC",
      "dependencies": {
        "mineflayer-death-event": "^1.0.0",
        "mineflayer-pathfinder": "^2.4.5",
        "pathfinder": "^0.3.0-1"
      }
    },
    "node_modules/acorn": {
      "version": "7.4.1",
      "resolved": "https://registry.npmjs.org/acorn/-/acorn-7.4.1.tgz",
      "integrity": "sha512-nQyp0o1/mNdbTO1PO6kHkwSrmgZ0MT/jCCpNiwbUjGoRN4dlBhqJtoQuCnEOKzgTVwg0ZWiCoQy6SxMebQVh8A==",
      "bin": {
        "acorn": "bin/acorn"
      },
      "engines": {
        "node": ">=0.4.0"
      }
    },
    "node_modules/acorn-node": {
      "version": "1.8.2",
      "resolved": "https://registry.npmjs.org/acorn-node/-/acorn-node-1.8.2.tgz",
      "integrity": "sha512-8mt+fslDufLYntIoPAaIMUe/lrbrehIiwmR3t2k9LljIzoigEPF27eLk2hy8zSGzmR/ogr7zbRKINMo1u0yh5A==",
      "dependencies": {
        "acorn": "^7.0.0",
        "acorn-walk": "^7.0.0",
        "xtend": "^4.0.2"
      }
    },
    "node_modules/acorn-walk": {
      "version": "7.2.0",
      "resolved": "https://registry.npmjs.org/acorn-walk/-/acorn-walk-7.2.0.tgz",
      "integrity": "sha512-OPdCF6GsMIP+Az+aWfAAOEt2/+iVDKE7oy6lJ098aoe59oAmK76qV6Gw60SbZ8jHuG2wH058GF4pLFbYamYrVA==",
      "engines": {
        "node": ">=0.4.0"
      }
    },
    "node_modules/ajv": {
      "version": "6.12.6",
      "resolved": "https://registry.npmjs.org/ajv/-/ajv-6.12.6.tgz",
      "integrity": "sha512-j3fVLgvTo527anyYyJOGTYJbG+vnnQYvE0m5mmkc1TK+nxAppkCLMIL0aZ4dblVCNoGShhm+kzE4ZUykBoMg4g==",
      "dependencies": {
        "fast-deep-equal": "^3.1.1",
        "fast-json-stable-stringify": "^2.0.0",
        "json-schema-traverse": "^0.4.1",
        "uri-js": "^4.2.2"
      },
      "funding": {
        "type": "github",
        "url": "https://github.com/sponsors/epoberezkin"
      }
    },
    "node_modules/async": {
      "version": "3.2.5",
      "resolved": "https://registry.npmjs.org/async/-/async-3.2.5.tgz",
      "integrity": "sha512-baNZyqaaLhyLVKm/DlvdW051MSgO6b8eVfIezl9E5PqWxFgzLm/wQntEW4zOytVburDEr0JlALEpdOFwvErLsg=="
    },
    "node_modules/commander": {
      "version": "2.20.3",
      "resolved": "https://registry.npmjs.org/commander/-/commander-2.20.3.tgz",
      "integrity": "sha512-GpVkmM8vF2vQUkj2LvZmD35JxeJOLCwJ9cUkugyk2nuhbv3+mJvpLYYt+0+USMxE+oj+ey/lJEnhZw75x/OMcQ=="
    },
    "node_modules/defined": {
      "version": "1.0.1",
      "resolved": "https://registry.npmjs.org/defined/-/defined-1.0.1.tgz",
      "integrity": "sha512-hsBd2qSVCRE+5PmNdHt1uzyrFu5d3RwmFDKzyNZMFq/EwDNJF7Ee5+D5oEKF0hU6LhtoUF1macFvOe4AskQC1Q==",
      "funding": {
        "url": "https://github.com/sponsors/ljharb"
      }
    },
    "node_modules/detective": {
      "version": "5.2.1",
      "resolved": "https://registry.npmjs.org/detective/-/detective-5.2.1.tgz",
      "integrity": "sha512-v9XE1zRnz1wRtgurGu0Bs8uHKFSTdteYZNbIPFVhUZ39L/S79ppMpdmVOZAnoz1jfEFodc48n6MX483Xo3t1yw==",
      "dependencies": {
        "acorn-node": "^1.8.2",
        "defined": "^1.0.0",
        "minimist": "^1.2.6"
      },
      "bin": {
        "detective": "bin/detective.js"
      },
      "engines": {
        "node": ">=0.8.0"
      }
    },
    "node_modules/discontinuous-range": {
      "version": "1.0.0",
      "resolved": "https://registry.npmjs.org/discontinuous-range/-/discontinuous-range-1.0.0.tgz",
      "integrity": "sha512-c68LpLbO+7kP/b1Hr1qs8/BJ09F5khZGTxqxZuhzxpmwJKOgRFHJWIb9/KmqnqHhLdO55aOxFH/EGBvUQbL/RQ=="
    },
    "node_modules/fast-deep-equal": {
      "version": "3.1.3",
      "resolved": "https://registry.npmjs.org/fast-deep-equal/-/fast-deep-equal-3.1.3.tgz",
      "integrity": "sha512-f3qQ9oQy9j2AhBe/H9VC91wLmKBCCU/gDOnKNAYG5hswO7BLKj09Hc5HYNz9cGI++xlpDCIgDaitVs03ATR84Q=="
    },
    "node_modules/fast-json-stable-stringify": {
      "version": "2.1.0",
      "resolved": "https://registry.npmjs.org/fast-json-stable-stringify/-/fast-json-stable-stringify-2.1.0.tgz",
      "integrity": "sha512-lhd/wF+Lk98HZoTCtlVraHtfh5XYijIjalXck7saUtuanSDyLMxnHhSXEDJqHxD7msR8D0uCmqlkwjCV8xvwHw=="
    },
    "node_modules/findit": {
      "version": "2.0.0",
      "resolved": "https://registry.npmjs.org/findit/-/findit-2.0.0.tgz",
      "integrity": "sha512-ENZS237/Hr8bjczn5eKuBohLgaD0JyUd0arxretR1f9RO46vZHA1b2y0VorgGV3WaOT3c+78P8h7v4JGJ1i/rg=="
    },
    "node_modules/inherits": {
      "version": "2.0.4",
      "resolved": "https://registry.npmjs.org/inherits/-/inherits-2.0.4.tgz",
      "integrity": "sha512-k/vGaX4/Yla3WzyMCvTQOXYeIHvqOKtnqBduzTHpzpQZzAskKMhZ2K+EnBiSM9zGSoIFeMpXKxa4dYeZIQqewQ=="
    },
    "node_modules/json-schema-traverse": {
      "version": "0.4.1",
      "resolved": "https://registry.npmjs.org/json-schema-traverse/-/json-schema-traverse-0.4.1.tgz",
      "integrity": "sha512-xbbCH5dCYU5T8LcEhhuh7HJ88HXuW3qsI3Y0zOZFKfZEHcpWiHU/Jxzk629Brsab/mMiHQti9wMP+845RPe3Vg=="
    },
    "node_modules/lodash.get": {
      "version": "4.4.2",
      "resolved": "https://registry.npmjs.org/lodash.get/-/lodash.get-4.4.2.tgz",
      "integrity": "sha512-z+Uw/vLuy6gQe8cfaFWD7p0wVv8fJl3mbzXh33RS+0oW2wvUqiRXiQ69gLWSLpgB5/6sU+r6BlQR0MBILadqTQ=="
    },
    "node_modules/lodash.reduce": {
      "version": "4.6.0",
      "resolved": "https://registry.npmjs.org/lodash.reduce/-/lodash.reduce-4.6.0.tgz",
      "integrity": "sha512-6raRe2vxCYBhpBu+B+TtNGUzah+hQjVdu3E17wfusjyrXBka2nBS8OH/gjVZ5PvHOhWmIZTYri09Z6n/QfnNMw=="
    },
    "node_modules/mime": {
      "version": "3.0.0",
      "resolved": "https://registry.npmjs.org/mime/-/mime-3.0.0.tgz",
      "integrity": "sha512-jSCU7/VB1loIWBZe14aEYHU/+1UMEHoaO7qxCOVJOw9GgH72VAWppxNcjU+x9a2k3GSIBXNKxXQFqRvvZ7vr3A==",
      "bin": {
        "mime": "cli.js"
      },
      "engines": {
        "node": ">=10.0.0"
      }
    },
    "node_modules/minecraft-data": {
      "version": "3.48.0",
      "resolved": "https://registry.npmjs.org/minecraft-data/-/minecraft-data-3.48.0.tgz",
      "integrity": "sha512-atew1Gbe0WjlIyR+0E/xMnjs/zI/i9IU7cqu0sLpbVtNSPRcW8UjMtYBzpvjVnEETjh+S69v2h49K+8MLgd35Q=="
    },
    "node_modules/mineflayer-death-event": {
      "version": "1.0.0",
      "resolved": "https://registry.npmjs.org/mineflayer-death-event/-/mineflayer-death-event-1.0.0.tgz",
      "integrity": "sha512-dF3qMYOHk3iM0XYjRnhyRBeN4WleNamKrcFsoHJbQgOeIoHQLJA8PlX1cyueUcK7CR/xlmndn7FKH9rTW9DDoQ==",
      "dependencies": {
        "lodash.get": "^4.4.2",
        "mojangson": "^2.0.2"
      }
    },
    "node_modules/mineflayer-pathfinder": {
      "version": "2.4.5",
      "resolved": "https://registry.npmjs.org/mineflayer-pathfinder/-/mineflayer-pathfinder-2.4.5.tgz",
      "integrity": "sha512-Jh3JnUgRLwhMh2Dugo4SPza68C41y+NPP5sdsgxRu35ydndo70i1JJGxauVWbXrpNwIxYNztUw78aFyb7icw8g==",
      "dependencies": {
        "minecraft-data": "^3.5.1",
        "prismarine-block": "^1.16.3",
        "prismarine-entity": "^2.1.1",
        "prismarine-item": "^1.11.5",
        "prismarine-nbt": "^2.2.1",
        "prismarine-physics": "^1.5.2",
        "vec3": "^0.1.7"
      }
    },
    "node_modules/minimist": {
      "version": "1.2.8",
      "resolved": "https://registry.npmjs.org/minimist/-/minimist-1.2.8.tgz",
      "integrity": "sha512-2yyAR8qBkN3YuheJanUpWC5U3bb5osDywNB8RzDVlDwDHbocAJveqqj1u8+SVD7jkWT4yvsHCpWqqWqAxb0zCA==",
      "funding": {
        "url": "https://github.com/sponsors/ljharb"
      }
    },
    "node_modules/mint": {
      "version": "0.3.5",
      "resolved": "https://registry.npmjs.org/mint/-/mint-0.3.5.tgz",
      "integrity": "sha512-lasQK0V8t0i7Lwdn24M2i0T9rBctrltucR7PmK99jRuq7AySM738PghRoaEgCty0mlfXVPouBtJ2KdCG/cXYtQ==",
      "engines": {
        "node": ">= 0.4.0"
      }
    },
    "node_modules/mkdirp": {
      "version": "3.0.1",
      "resolved": "https://registry.npmjs.org/mkdirp/-/mkdirp-3.0.1.tgz",
      "integrity": "sha512-+NsyUUAZDmo6YVHzL/stxSu3t9YS1iljliy3BSDrXJ/dkn1KYdmtZODGGjLcc9XLgVVpH4KshHB8XmZgMhaBXg==",
      "bin": {
        "mkdirp": "dist/cjs/src/bin.js"
      },
      "engines": {
        "node": ">=10"
      },
      "funding": {
        "url": "https://github.com/sponsors/isaacs"
      }
    },
    "node_modules/mojangson": {
      "version": "2.0.4",
      "resolved": "https://registry.npmjs.org/mojangson/-/mojangson-2.0.4.tgz",
      "integrity": "sha512-HYmhgDjr1gzF7trGgvcC/huIg2L8FsVbi/KacRe6r1AswbboGVZDS47SOZlomPuMWvZLas8m9vuHHucdZMwTmQ==",
      "dependencies": {
        "nearley": "^2.19.5"
      }
    },
    "node_modules/moo": {
      "version": "0.5.2",
      "resolved": "https://registry.npmjs.org/moo/-/moo-0.5.2.tgz",
      "integrity": "sha512-iSAJLHYKnX41mKcJKjqvnAN9sf0LMDTXDEvFv+ffuRR9a1MIuXLjMNL6EsnDHSkKLTWNqQQ5uo61P4EbU4NU+Q=="
    },
    "node_modules/nearley": {
      "version": "2.20.1",
      "resolved": "https://registry.npmjs.org/nearley/-/nearley-2.20.1.tgz",
      "integrity": "sha512-+Mc8UaAebFzgV+KpI5n7DasuuQCHA89dmwm7JXw3TV43ukfNQ9DnBH3Mdb2g/I4Fdxc26pwimBWvjIw0UAILSQ==",
      "dependencies": {
        "commander": "^2.19.0",
        "moo": "^0.5.0",
        "railroad-diagrams": "^1.0.0",
        "randexp": "0.4.6"
      },
      "bin": {
        "nearley-railroad": "bin/nearley-railroad.js",
        "nearley-test": "bin/nearley-test.js",
        "nearley-unparse": "bin/nearley-unparse.js",
        "nearleyc": "bin/nearleyc.js"
      },
      "funding": {
        "type": "individual",
        "url": "https://nearley.js.org/#give-to-nearley"
      }
    },
    "node_modules/pathfinder": {
      "version": "0.3.0-1",
      "resolved": "https://registry.npmjs.org/pathfinder/-/pathfinder-0.3.0-1.tgz",
      "integrity": "sha512-qtky7dOICvCRjf5y+Gjf01yoNZ1TPtM4u5j1TIeeulEsXsJuo6HLfKXyw0ObRJREoNTUm9+K1UQjn5Tk7rw5gA==",
      "dependencies": {
        "async": ">= 0.1.12",
        "detective": ">= 0.0.3",
        "findit": ">= 0.1.2",
        "mime": ">= 1.2.4",
        "mint": ">= 0.3.0",
        "mkdirp": ">= 0.1.0"
      },
      "engines": {
        "node": ">= 0.4.0"
      }
    },
    "node_modules/prismarine-biome": {
      "version": "1.3.0",
      "resolved": "https://registry.npmjs.org/prismarine-biome/-/prismarine-biome-1.3.0.tgz",
      "integrity": "sha512-GY6nZxq93mTErT7jD7jt8YS1aPrOakbJHh39seYsJFXvueIOdHAmW16kYQVrTVMW5MlWLQVxV/EquRwOgr4MnQ==",
      "peerDependencies": {
        "minecraft-data": "^3.0.0",
        "prismarine-registry": "^1.1.0"
      }
    },
    "node_modules/prismarine-block": {
      "version": "1.17.1",
      "resolved": "https://registry.npmjs.org/prismarine-block/-/prismarine-block-1.17.1.tgz",
      "integrity": "sha512-r1TIn/b5v77BX4a+qd+Yv+4/vZpsC/Jp5ElYxd6++2wpCnqiuxVG7BlS2Eo14vez1M2gt3qoNEl54Hr8qox/rQ==",
      "dependencies": {
        "minecraft-data": "^3.38.0",
        "prismarine-biome": "^1.1.0",
        "prismarine-chat": "^1.5.0",
        "prismarine-item": "^1.10.1",
        "prismarine-nbt": "^2.0.0",
        "prismarine-registry": "^1.1.0"
      }
    },
    "node_modules/prismarine-chat": {
      "version": "1.9.1",
      "resolved": "https://registry.npmjs.org/prismarine-chat/-/prismarine-chat-1.9.1.tgz",
      "integrity": "sha512-x7WWa5MNhiLZSO6tw+YyKpzquFZ+DNISVgiV6K3SU0GsishMXe+nto02WhF/4AuFerKdugm9u1d/r4C4zSkJOg==",
      "dependencies": {
        "mojangson": "^2.0.1",
        "prismarine-item": "^1.10.0",
        "prismarine-nbt": "^2.0.0",
        "prismarine-registry": "^1.4.0"
      }
    },
    "node_modules/prismarine-entity": {
      "version": "2.3.1",
      "resolved": "https://registry.npmjs.org/prismarine-entity/-/prismarine-entity-2.3.1.tgz",
      "integrity": "sha512-HOv8l7IetHNf4hwZ7V/W4vM3GNl+e6VCtKDkH9h02TRq7jWngsggKtJV+VanCce/sNwtJUhJDjORGs728ep4MA==",
      "dependencies": {
        "prismarine-chat": "^1.4.1",
        "prismarine-item": "^1.11.2",
        "prismarine-registry": "^1.4.0",
        "vec3": "^0.1.4"
      }
    },
    "node_modules/prismarine-item": {
      "version": "1.14.0",
      "resolved": "https://registry.npmjs.org/prismarine-item/-/prismarine-item-1.14.0.tgz",
      "integrity": "sha512-udQHYGJ05klFe8Kkc0TOmwoXj5Xl1ZPgHVoMbGUAFB9exN4TFxEa1A39vkSYhxP5Et9PNufQQvFBFVom0nXikA==",
      "dependencies": {
        "prismarine-nbt": "^2.0.0",
        "prismarine-registry": "^1.4.0"
      }
    },
    "node_modules/prismarine-nbt": {
      "version": "2.2.1",
      "resolved": "https://registry.npmjs.org/prismarine-nbt/-/prismarine-nbt-2.2.1.tgz",
      "integrity": "sha512-Mb50c58CPnuZ+qvM31DBa08tf9UumlTq1LkvpMoUpKfCuN05GZHTqCUwER3lxTSHLL0GZKghIPbYR/JQkINijQ==",
      "dependencies": {
        "protodef": "^1.9.0"
      }
    },
    "node_modules/prismarine-physics": {
      "version": "1.8.0",
      "resolved": "https://registry.npmjs.org/prismarine-physics/-/prismarine-physics-1.8.0.tgz",
      "integrity": "sha512-gbM+S+bmVtOKVv+Z0WGaHMeEeBHISIDsRDRlv8sr0dex3ZJRhuq8djA02CBreguXtI18ZKh6q3TSj2qDr45NHA==",
      "dependencies": {
        "minecraft-data": "^3.0.0",
        "prismarine-nbt": "^2.0.0",
        "vec3": "^0.1.7"
      }
    },
    "node_modules/prismarine-registry": {
      "version": "1.7.0",
      "resolved": "https://registry.npmjs.org/prismarine-registry/-/prismarine-registry-1.7.0.tgz",
      "integrity": "sha512-yyva0FpWI078nNeMhx8ekVza5uUTYhEv+C+ADu3wUQXiG8qhXkvrf0uzsnhTgZL8BLdsi2axgCEiKw9qSKIuxQ==",
      "dependencies": {
        "minecraft-data": "^3.0.0",
        "prismarine-nbt": "^2.0.0"
      }
    },
    "node_modules/protodef": {
      "version": "1.15.0",
      "resolved": "https://registry.npmjs.org/protodef/-/protodef-1.15.0.tgz",
      "integrity": "sha512-bZ2Omw8dT+DACjJHLrBWZlqN4MlT9g9oSpJDdkUAJOStUzgJp+Zn42FJfPUdwutUxjaxA0PftN0PDlNa2XbneA==",
      "dependencies": {
        "lodash.get": "^4.4.2",
        "lodash.reduce": "^4.6.0",
        "protodef-validator": "^1.3.0",
        "readable-stream": "^3.0.3"
      },
      "engines": {
        "node": ">=14"
      }
    },
    "node_modules/protodef-validator": {
      "version": "1.3.1",
      "resolved": "https://registry.npmjs.org/protodef-validator/-/protodef-validator-1.3.1.tgz",
      "integrity": "sha512-lZ5FWKZYR9xOjpMw1+EfZRfCjzNRQWPq+Dk+jki47Sikl2EeWEPnTfnJERwnU/EwFq6us+0zqHHzSsmLeYX+Lg==",
      "dependencies": {
        "ajv": "^6.5.4"
      },
      "bin": {
        "protodef-validator": "cli.js"
      }
    },
    "node_modules/punycode": {
      "version": "2.3.1",
      "resolved": "https://registry.npmjs.org/punycode/-/punycode-2.3.1.tgz",
      "integrity": "sha512-vYt7UD1U9Wg6138shLtLOvdAu+8DsC/ilFtEVHcH+wydcSpNE20AfSOduf6MkRFahL5FY7X1oU7nKVZFtfq8Fg==",
      "engines": {
        "node": ">=6"
      }
    },
    "node_modules/railroad-diagrams": {
      "version": "1.0.0",
      "resolved": "https://registry.npmjs.org/railroad-diagrams/-/railroad-diagrams-1.0.0.tgz",
      "integrity": "sha512-cz93DjNeLY0idrCNOH6PviZGRN9GJhsdm9hpn1YCS879fj4W+x5IFJhhkRZcwVgMmFF7R82UA/7Oh+R8lLZg6A=="
    },
    "node_modules/randexp": {
      "version": "0.4.6",
      "resolved": "https://registry.npmjs.org/randexp/-/randexp-0.4.6.tgz",
      "integrity": "sha512-80WNmd9DA0tmZrw9qQa62GPPWfuXJknrmVmLcxvq4uZBdYqb1wYoKTmnlGUchvVWe0XiLupYkBoXVOxz3C8DYQ==",
      "dependencies": {
        "discontinuous-range": "1.0.0",
        "ret": "~0.1.10"
      },
      "engines": {
        "node": ">=0.12"
      }
    },
    "node_modules/readable-stream": {
      "version": "3.6.2",
      "resolved": "https://registry.npmjs.org/readable-stream/-/readable-stream-3.6.2.tgz",
      "integrity": "sha512-9u/sniCrY3D5WdsERHzHE4G2YCXqoG5FTHUiCC4SIbr6XcLZBY05ya9EKjYek9O5xOAwjGq+1JdGBAS7Q9ScoA==",
      "dependencies": {
        "inherits": "^2.0.3",
        "string_decoder": "^1.1.1",
        "util-deprecate": "^1.0.1"
      },
      "engines": {
        "node": ">= 6"
      }
    },
    "node_modules/ret": {
      "version": "0.1.15",
      "resolved": "https://registry.npmjs.org/ret/-/ret-0.1.15.tgz",
      "integrity": "sha512-TTlYpa+OL+vMMNG24xSlQGEJ3B/RzEfUlLct7b5G/ytav+wPrplCpVMFuwzXbkecJrb6IYo1iFb0S9v37754mg==",
      "engines": {
        "node": ">=0.12"
      }
    },
    "node_modules/safe-buffer": {
      "version": "5.2.1",
      "resolved": "https://registry.npmjs.org/safe-buffer/-/safe-buffer-5.2.1.tgz",
      "integrity": "sha512-rp3So07KcdmmKbGvgaNxQSJr7bGVSVk5S9Eq1F+ppbRo70+YeaDxkw5Dd8NPN+GD6bjnYm2VuPuCXmpuYvmCXQ==",
      "funding": [
        {
          "type": "github",
          "url": "https://github.com/sponsors/feross"
        },
        {
          "type": "patreon",
          "url": "https://www.patreon.com/feross"
        },
        {
          "type": "consulting",
          "url": "https://feross.org/support"
        }
      ]
    },
    "node_modules/string_decoder": {
      "version": "1.3.0",
      "resolved": "https://registry.npmjs.org/string_decoder/-/string_decoder-1.3.0.tgz",
      "integrity": "sha512-hkRX8U1WjJFd8LsDJ2yQ/wWWxaopEsABU1XfkM8A+j0+85JAGppt16cr1Whg6KIbb4okU6Mql6BOj+uup/wKeA==",
      "dependencies": {
        "safe-buffer": "~5.2.0"
      }
    },
    "node_modules/uri-js": {
      "version": "4.4.1",
      "resolved": "https://registry.npmjs.org/uri-js/-/uri-js-4.4.1.tgz",
      "integrity": "sha512-7rKUyy33Q1yc98pQ1DAmLtwX109F7TIfWlW1Ydo8Wl1ii1SeHieeh0HHfPeL2fMXK6z0s8ecKs9frCuLJvndBg==",
      "dependencies": {
        "punycode": "^2.1.0"
      }
    },
    "node_modules/util-deprecate": {
      "version": "1.0.2",
      "resolved": "https://registry.npmjs.org/util-deprecate/-/util-deprecate-1.0.2.tgz",
      "integrity": "sha512-EPD5q1uXyFxJpCrLnCc1nHnq3gOa6DZBocAIiI2TaSCA7VCJ1UJDMagCzIkXNsUYfD1daK//LTEQ8xiIbrHtcw=="
    },
    "node_modules/vec3": {
      "version": "0.1.8",
      "resolved": "https://registry.npmjs.org/vec3/-/vec3-0.1.8.tgz",
      "integrity": "sha512-LfKrP625Bsg/Tj52YdYPsHmpsJuo+tc6fLxZxXjEo9k2xSspKlPvoYTHehykKhp1FvV9nm+XU3Ehej5/9tpDCg=="
    },
    "node_modules/xtend": {
      "version": "4.0.2",
      "resolved": "https://registry.npmjs.org/xtend/-/xtend-4.0.2.tgz",
      "integrity": "sha512-LKYU1iAXJXUgAXn9URjiu+MWhyUXHsvfp7mcuYm9dSUKK0/CjtrUwFAxD82/mCWbtLsGjFIad0wIsod4zrTAEQ==",
      "engines": {
        "node": ">=0.4"
      }
    }
  }
}
